
Microsoft Visual Studio Solution File, Format Version 12.00
# Visual Studio 15
VisualStudioVersion = 15.0.28307.106
MinimumVisualStudioVersion = 10.0.40219.1
Project("{FAE04EC0-301F-11D3-BF4B-00C04F79EFBC}") = "ELibrary.Core", "ELibrary.Core\ELibrary.Core.csproj", "{1CE5F212-BDC0-40D5-9BD2-43964807E1AB}"
EndProject
Project("{FAE04EC0-301F-11D3-BF4B-00C04F79EFBC}") = "ELibrary.Entities", "ELibrary.Entities\ELibrary.Entities.csproj", "{D4DD1F07-47A1-441C-8F35-ECD51134C792}"
EndProject
Project("{FAE04EC0-301F-11D3-BF4B-00C04F79EFBC}") = "ELibrary.DAL", "ELibrary.DAL\ELibrary.DAL.csproj", "{590DC8A8-67C8-4101-AD3B-E9D41F845138}"
EndProject
Global
	GlobalSection(SolutionConfigurationPlatforms) = preSolution
		Debug|Any CPU = Debug|Any CPU
		Release|Any CPU = Release|Any CPU
	EndGlobalSection
	GlobalSection(ProjectConfigurationPlatforms) = postSolution
		{1CE5F212-BDC0-40D5-9BD2-43964807E1AB}.Debug|Any CPU.ActiveCfg = Debug|Any CPU
		{1CE5F212-BDC0-40D5-9BD2-43964807E1AB}.Debug|Any CPU.Build.0 = Debug|Any CPU
		{1CE5F212-BDC0-40D5-9BD2-43964807E1AB}.Release|Any CPU.ActiveCfg = Release|Any CPU
		{1CE5F212-BDC0-40D5-9BD2-43964807E1AB}.Release|Any CPU.Build.0 = Release|Any CPU
		{D4DD1F07-47A1-441C-8F35-ECD51134C792}.Debug|Any CPU.ActiveCfg = Debug|Any CPU
		{D4DD1F07-47A1-441C-8F35-ECD51134C792}.Debug|Any CPU.Build.0 = Debug|Any CPU
		{D4DD1F07-47A1-441C-8F35-ECD51134C792}.Release|Any CPU.ActiveCfg = Release|Any CPU
		{D4DD1F07-47A1-441C-8F35-ECD51134C792}.Release|Any CPU.Build.0 = Release|Any CPU
		{590DC8A8-67C8-4101-AD3B-E9D41F845138}.Debug|Any CPU.ActiveCfg = Debug|Any CPU
		{590DC8A8-67C8-4101-AD3B-E9D41F845138}.Debug|Any CPU.Build.0 = Debug|Any CPU
		{590DC8A8-67C8-4101-AD3B-E9D41F845138}.Release|Any CPU.ActiveCfg = Release|Any CPU
		{590DC8A8-67C8-4101-AD3B-E9D41F845138}.Release|Any CPU.Build.0 = Release|Any CPU
	EndGlobalSection
	GlobalSection(SolutionProperties) = preSolution
		HideSolutionNode = FALSE
	EndGlobalSection
	GlobalSection(ExtensibilityGlobals) = postSolution
		SolutionGuid = {863E822C-3BB1-41F9-944B-C10727ECD56D}
	EndGlobalSection
EndGlobal
